
Microsoft Visual Studio Solution File, Format Version 12.00
# Visual Studio 14
VisualStudioVersion = 14.0.25123.0
MinimumVisualStudioVersion = 10.0.40219.1
Project("{FAE04EC0-301F-11D3-BF4B-00C04F79EFBC}") = "ShelfCalcWPF", "ShelfCalcWPF\ShelfCalcWPF.csproj", "{C989CC47-2068-4A02-AC5B-1AD36EEAF3EB}"
EndProject
Global
	GlobalSection(SolutionConfigurationPlatforms) = preSolution
		Debug|Any CPU = Debug|Any CPU
		Release|Any CPU = Release|Any CPU
	EndGlobalSection
	GlobalSection(ProjectConfigurationPlatforms) = postSolution
		{C989CC47-2068-4A02-AC5B-1AD36EEAF3EB}.Debug|Any CPU.ActiveCfg = Debug|Any CPU
		{C989CC47-2068-4A02-AC5B-1AD36EEAF3EB}.Debug|Any CPU.Build.0 = Debug|Any CPU
		{C989CC47-2068-4A02-AC5B-1AD36EEAF3EB}.Release|Any CPU.ActiveCfg = Release|Any CPU
		{C989CC47-2068-4A02-AC5B-1AD36EEAF3EB}.Release|Any CPU.Build.0 = Release|Any CPU
	EndGlobalSection
	GlobalSection(SolutionProperties) = preSolution
		HideSolutionNode = FALSE
	EndGlobalSection
EndGlobal
